<?xml version="1.0" encoding="utf-8"?>
<Project ToolsVersion="4.0" xmlns="http://schemas.microsoft.com/developer/msbuild/2003">
  <ItemGroup>
    <Filter Include="Source Files">
      <UniqueIdentifier>{4FC737F1-C7A5-4376-A066-2A32D752A2FF}</UniqueIdentifier>
      <Extensions>cpp;c;cc;cxx;def;odl;idl;hpj;bat;asm;asmx</Extensions>
    </Filter>
    <Filter Include="Header Files">
      <UniqueIdentifier>{93995380-89BD-4b04-88EB-625FBE52EBFB}</UniqueIdentifier>
      <Extensions>h;hh;hpp;hxx;hm;inl;inc;ipp;xsd</Extensions>
    </Filter>
    <Filter Include="Resource Files">
      <UniqueIdentifier>{67DA6AB6-F800-4c08-8B7A-83BB121AAD01}</UniqueIdentifier>
      <Extensions>rc;ico;cur;bmp;dlg;rc2;rct;bin;rgs;gif;jpg;jpeg;jpe;resx;tiff;tif;png;wav;mfcribbon-ms</Extensions>
    </Filter>
    <Filter Include="Header Files\Core Headers">
      <UniqueIdentifier>{36046fa8-b104-4f09-a8fb-2ad0e93c32f5}</UniqueIdentifier>
    </Filter>
    <Filter Include="Source Files\Core Definitions">
      <UniqueIdentifier>{8226d045-7fd7-4ab2-9cd6-9d1e918499b8}</UniqueIdentifier>
    </Filter>
    <Filter Include="Shaders">
      <UniqueIdentifier>{06f0b6b0-2614-4a4c-9bda-fb5f8cf72e4f}</UniqueIdentifier>
    </Filter>
    <Filter Include="Shaders\vertex">
      <UniqueIdentifier>{8e387537-88fb-4583-a067-cb79565b690a}</UniqueIdentifier>
    </Filter>
    <Filter Include="Shaders\fragment">
      <UniqueIdentifier>{b31e112e-a733-4b95-9f08-b77b8b4f73c7}</UniqueIdentifier>
    </Filter>
    <Filter Include="Header Files\Rendering Objects Headers">
      <UniqueIdentifier>{1de13882-ae5a-4c66-9e4e-32ea781554b6}</UniqueIdentifier>
    </Filter>
    <Filter Include="Source Files\Rendering Objects Definitions">
      <UniqueIdentifier>{9da0b762-21bb-4cc1-b8ab-4f0fe500a5cf}</UniqueIdentifier>
    </Filter>
  </ItemGroup>
  <ItemGroup>
    <ClInclude Include="shader.h">
      <Filter>Header Files\Core Headers</Filter>
    </ClInclude>
    <ClInclude Include="render.h">
      <Filter>Header Files\Core Headers</Filter>
    </ClInclude>
    <ClInclude Include="render_object.h">
      <Filter>Header Files\Rendering Objects Headers</Filter>
    </ClInclude>
    <ClInclude Include="floor.h">
      <Filter>Header Files\Rendering Objects Headers</Filter>
    </ClInclude>
    <ClInclude Include="init.h">
      <Filter>Header Files\Core Headers</Filter>
    </ClInclude>
    <ClInclude Include="camera.h">
      <Filter>Header Files\Core Headers</Filter>
    </ClInclude>
    <ClInclude Include="axies.h">
      <Filter>Header Files\Rendering Objects Headers</Filter>
    </ClInclude>
    <ClInclude Include="cube.h">
      <Filter>Header Files\Rendering Objects Headers</Filter>
    </ClInclude>
    <ClInclude Include="movable_object.h">
      <Filter>Header Files\Rendering Objects Headers</Filter>
    </ClInclude>
    <ClInclude Include="light.h">
      <Filter>Header Files\Core Headers</Filter>
    </ClInclude>
    <ClInclude Include="light_cube.h">
      <Filter>Header Files\Rendering Objects Headers</Filter>
    </ClInclude>
    <ClInclude Include="color_object.h">
      <Filter>Header Files\Rendering Objects Headers</Filter>
    </ClInclude>
  </ItemGroup>
  <ItemGroup>
    <ClCompile Include="shader.cpp">
      <Filter>Source Files\Core Definitions</Filter>
    </ClCompile>
    <ClCompile Include="lighting_main.cpp">
      <Filter>Source Files</Filter>
    </ClCompile>
    <ClCompile Include="render.cpp">
      <Filter>Source Files\Core Definitions</Filter>
    </ClCompile>
    <ClCompile Include="floor.cpp">
      <Filter>Source Files\Rendering Objects Definitions</Filter>
    </ClCompile>
    <ClCompile Include="render_object.cpp">
      <Filter>Source Files\Rendering Objects Definitions</Filter>
    </ClCompile>
    <ClCompile Include="..\..\..\..\..\..\Coding\glad\src\glad.c">
      <Filter>Source Files</Filter>
    </ClCompile>
    <ClCompile Include="init.cpp">
      <Filter>Source Files\Core Definitions</Filter>
    </ClCompile>
    <ClCompile Include="camera.cpp">
      <Filter>Source Files\Core Definitions</Filter>
    </ClCompile>
    <ClCompile Include="axies.cpp">
      <Filter>Source Files\Rendering Objects Definitions</Filter>
    </ClCompile>
    <ClCompile Include="cube.cpp">
      <Filter>Source Files\Rendering Objects Definitions</Filter>
    </ClCompile>
    <ClCompile Include="movable_object.cpp">
      <Filter>Source Files\Rendering Objects Definitions</Filter>
    </ClCompile>
    <ClCompile Include="light.cpp">
      <Filter>Source Files\Core Definitions</Filter>
    </ClCompile>
    <ClCompile Include="light_cube.cpp">
      <Filter>Source Files\Rendering Objects Definitions</Filter>
    </ClCompile>
    <ClCompile Include="color_object.cpp">
      <Filter>Source Files\Rendering Objects Definitions</Filter>
    </ClCompile>
  </ItemGroup>
  <ItemGroup>
    <None Include="basic_fragment.glsl">
      <Filter>Shaders\fragment</Filter>
    </None>
    <None Include="basic_vertex.glsl">
      <Filter>Shaders\vertex</Filter>
    </None>
    <None Include="lighting_fragment.glsl">
      <Filter>Shaders\fragment</Filter>
    </None>
    <None Include="lighting_vertex.glsl">
      <Filter>Shaders\vertex</Filter>
    </None>
  </ItemGroup>
</Project>